
Microsoft Visual Studio Solution File, Format Version 12.00
# Visual Studio Version 17
VisualStudioVersion = 17.7.34003.232
MinimumVisualStudioVersion = 10.0.40219.1
Project("{FAE04EC0-301F-11D3-BF4B-00C04F79EFBC}") = "Ej7", "Ej7\Ej7.csproj", "{581BC622-93E7-45FA-A77A-B567ECFC6B93}"
EndProject
Global
	GlobalSection(SolutionConfigurationPlatforms) = preSolution
		Debug|Any CPU = Debug|Any CPU
		Release|Any CPU = Release|Any CPU
	EndGlobalSection
	GlobalSection(ProjectConfigurationPlatforms) = postSolution
		{581BC622-93E7-45FA-A77A-B567ECFC6B93}.Debug|Any CPU.ActiveCfg = Debug|Any CPU
		{581BC622-93E7-45FA-A77A-B567ECFC6B93}.Debug|Any CPU.Build.0 = Debug|Any CPU
		{581BC622-93E7-45FA-A77A-B567ECFC6B93}.Release|Any CPU.ActiveCfg = Release|Any CPU
		{581BC622-93E7-45FA-A77A-B567ECFC6B93}.Release|Any CPU.Build.0 = Release|Any CPU
	EndGlobalSection
	GlobalSection(SolutionProperties) = preSolution
		HideSolutionNode = FALSE
	EndGlobalSection
	GlobalSection(ExtensibilityGlobals) = postSolution
		SolutionGuid = {39E276B7-975C-4882-AECF-542719BBF126}
	EndGlobalSection
EndGlobal
