
Microsoft Visual Studio Solution File, Format Version 12.00
# Visual Studio Version 17
VisualStudioVersion = 17.7.34003.232
MinimumVisualStudioVersion = 10.0.40219.1
Project("{FAE04EC0-301F-11D3-BF4B-00C04F79EFBC}") = "Ej5", "Ej5\Ej5.csproj", "{4AA4BBD4-F049-4AFB-9EFA-86301B5235A0}"
EndProject
Global
	GlobalSection(SolutionConfigurationPlatforms) = preSolution
		Debug|Any CPU = Debug|Any CPU
		Release|Any CPU = Release|Any CPU
	EndGlobalSection
	GlobalSection(ProjectConfigurationPlatforms) = postSolution
		{4AA4BBD4-F049-4AFB-9EFA-86301B5235A0}.Debug|Any CPU.ActiveCfg = Debug|Any CPU
		{4AA4BBD4-F049-4AFB-9EFA-86301B5235A0}.Debug|Any CPU.Build.0 = Debug|Any CPU
		{4AA4BBD4-F049-4AFB-9EFA-86301B5235A0}.Release|Any CPU.ActiveCfg = Release|Any CPU
		{4AA4BBD4-F049-4AFB-9EFA-86301B5235A0}.Release|Any CPU.Build.0 = Release|Any CPU
	EndGlobalSection
	GlobalSection(SolutionProperties) = preSolution
		HideSolutionNode = FALSE
	EndGlobalSection
	GlobalSection(ExtensibilityGlobals) = postSolution
		SolutionGuid = {A84A5EBC-2C0D-4A96-8831-0FD0D36F8761}
	EndGlobalSection
EndGlobal
