
Microsoft Visual Studio Solution File, Format Version 12.00
# Visual Studio Version 17
VisualStudioVersion = 17.7.34003.232
MinimumVisualStudioVersion = 10.0.40219.1
Project("{FAE04EC0-301F-11D3-BF4B-00C04F79EFBC}") = "M1", "M1\M1.csproj", "{851678B5-3E4E-4BE3-BC6B-6E42B63F0F61}"
EndProject
Global
	GlobalSection(SolutionConfigurationPlatforms) = preSolution
		Debug|Any CPU = Debug|Any CPU
		Release|Any CPU = Release|Any CPU
	EndGlobalSection
	GlobalSection(ProjectConfigurationPlatforms) = postSolution
		{851678B5-3E4E-4BE3-BC6B-6E42B63F0F61}.Debug|Any CPU.ActiveCfg = Debug|Any CPU
		{851678B5-3E4E-4BE3-BC6B-6E42B63F0F61}.Debug|Any CPU.Build.0 = Debug|Any CPU
		{851678B5-3E4E-4BE3-BC6B-6E42B63F0F61}.Release|Any CPU.ActiveCfg = Release|Any CPU
		{851678B5-3E4E-4BE3-BC6B-6E42B63F0F61}.Release|Any CPU.Build.0 = Release|Any CPU
	EndGlobalSection
	GlobalSection(SolutionProperties) = preSolution
		HideSolutionNode = FALSE
	EndGlobalSection
	GlobalSection(ExtensibilityGlobals) = postSolution
		SolutionGuid = {BAE4812F-2384-40FF-8486-26221DDFC8CD}
	EndGlobalSection
EndGlobal
