
Microsoft Visual Studio Solution File, Format Version 12.00
# Visual Studio Version 17
VisualStudioVersion = 17.7.34003.232
MinimumVisualStudioVersion = 10.0.40219.1
Project("{FAE04EC0-301F-11D3-BF4B-00C04F79EFBC}") = "Ej9", "Ej9\Ej9.csproj", "{195492DB-5B76-40AF-A21B-95899094E77A}"
EndProject
Global
	GlobalSection(SolutionConfigurationPlatforms) = preSolution
		Debug|Any CPU = Debug|Any CPU
		Release|Any CPU = Release|Any CPU
	EndGlobalSection
	GlobalSection(ProjectConfigurationPlatforms) = postSolution
		{195492DB-5B76-40AF-A21B-95899094E77A}.Debug|Any CPU.ActiveCfg = Debug|Any CPU
		{195492DB-5B76-40AF-A21B-95899094E77A}.Debug|Any CPU.Build.0 = Debug|Any CPU
		{195492DB-5B76-40AF-A21B-95899094E77A}.Release|Any CPU.ActiveCfg = Release|Any CPU
		{195492DB-5B76-40AF-A21B-95899094E77A}.Release|Any CPU.Build.0 = Release|Any CPU
	EndGlobalSection
	GlobalSection(SolutionProperties) = preSolution
		HideSolutionNode = FALSE
	EndGlobalSection
	GlobalSection(ExtensibilityGlobals) = postSolution
		SolutionGuid = {817116DB-A7E2-4CBD-B48B-45FE5A5FD69D}
	EndGlobalSection
EndGlobal
