
Microsoft Visual Studio Solution File, Format Version 12.00
# Visual Studio Version 17
VisualStudioVersion = 17.7.34003.232
MinimumVisualStudioVersion = 10.0.40219.1
Project("{FAE04EC0-301F-11D3-BF4B-00C04F79EFBC}") = "M2", "M2\M2.csproj", "{0E13B4B7-A43E-41FA-928D-920A05C6D5CE}"
EndProject
Global
	GlobalSection(SolutionConfigurationPlatforms) = preSolution
		Debug|Any CPU = Debug|Any CPU
		Release|Any CPU = Release|Any CPU
	EndGlobalSection
	GlobalSection(ProjectConfigurationPlatforms) = postSolution
		{0E13B4B7-A43E-41FA-928D-920A05C6D5CE}.Debug|Any CPU.ActiveCfg = Debug|Any CPU
		{0E13B4B7-A43E-41FA-928D-920A05C6D5CE}.Debug|Any CPU.Build.0 = Debug|Any CPU
		{0E13B4B7-A43E-41FA-928D-920A05C6D5CE}.Release|Any CPU.ActiveCfg = Release|Any CPU
		{0E13B4B7-A43E-41FA-928D-920A05C6D5CE}.Release|Any CPU.Build.0 = Release|Any CPU
	EndGlobalSection
	GlobalSection(SolutionProperties) = preSolution
		HideSolutionNode = FALSE
	EndGlobalSection
	GlobalSection(ExtensibilityGlobals) = postSolution
		SolutionGuid = {BDF9D2AC-3FD0-45B3-9EF3-5EA3096DA5B5}
	EndGlobalSection
EndGlobal
