
Microsoft Visual Studio Solution File, Format Version 12.00
# Visual Studio Version 17
VisualStudioVersion = 17.7.34003.232
MinimumVisualStudioVersion = 10.0.40219.1
Project("{FAE04EC0-301F-11D3-BF4B-00C04F79EFBC}") = "M3", "M3\M3.csproj", "{A211F18D-91CD-40D9-9127-F077BA186BC8}"
EndProject
Global
	GlobalSection(SolutionConfigurationPlatforms) = preSolution
		Debug|Any CPU = Debug|Any CPU
		Release|Any CPU = Release|Any CPU
	EndGlobalSection
	GlobalSection(ProjectConfigurationPlatforms) = postSolution
		{A211F18D-91CD-40D9-9127-F077BA186BC8}.Debug|Any CPU.ActiveCfg = Debug|Any CPU
		{A211F18D-91CD-40D9-9127-F077BA186BC8}.Debug|Any CPU.Build.0 = Debug|Any CPU
		{A211F18D-91CD-40D9-9127-F077BA186BC8}.Release|Any CPU.ActiveCfg = Release|Any CPU
		{A211F18D-91CD-40D9-9127-F077BA186BC8}.Release|Any CPU.Build.0 = Release|Any CPU
	EndGlobalSection
	GlobalSection(SolutionProperties) = preSolution
		HideSolutionNode = FALSE
	EndGlobalSection
	GlobalSection(ExtensibilityGlobals) = postSolution
		SolutionGuid = {A7E3304D-03A9-4735-B40D-4010706B4A22}
	EndGlobalSection
EndGlobal
