
Microsoft Visual Studio Solution File, Format Version 12.00
# Visual Studio Version 17
VisualStudioVersion = 17.7.34003.232
MinimumVisualStudioVersion = 10.0.40219.1
Project("{FAE04EC0-301F-11D3-BF4B-00C04F79EFBC}") = "M3", "M3\M3.csproj", "{0A49262C-BFB7-43B6-864F-D73A5BAB080E}"
EndProject
Global
	GlobalSection(SolutionConfigurationPlatforms) = preSolution
		Debug|Any CPU = Debug|Any CPU
		Release|Any CPU = Release|Any CPU
	EndGlobalSection
	GlobalSection(ProjectConfigurationPlatforms) = postSolution
		{0A49262C-BFB7-43B6-864F-D73A5BAB080E}.Debug|Any CPU.ActiveCfg = Debug|Any CPU
		{0A49262C-BFB7-43B6-864F-D73A5BAB080E}.Debug|Any CPU.Build.0 = Debug|Any CPU
		{0A49262C-BFB7-43B6-864F-D73A5BAB080E}.Release|Any CPU.ActiveCfg = Release|Any CPU
		{0A49262C-BFB7-43B6-864F-D73A5BAB080E}.Release|Any CPU.Build.0 = Release|Any CPU
	EndGlobalSection
	GlobalSection(SolutionProperties) = preSolution
		HideSolutionNode = FALSE
	EndGlobalSection
	GlobalSection(ExtensibilityGlobals) = postSolution
		SolutionGuid = {55C046E8-8B70-4B08-A3DB-5D19D2D7FBCB}
	EndGlobalSection
EndGlobal
